
Microsoft Visual Studio Solution File, Format Version 11.00
# Visual Studio 2010
Project("{FAE04EC0-301F-11D3-BF4B-00C04F79EFBC}") = "DotNet.SSO.Model", "DotNet.SSO.Model\DotNet.SSO.Model.csproj", "{4C626D4F-7CC4-4E93-AC7F-7BA461A47D21}"
EndProject
Project("{FAE04EC0-301F-11D3-BF4B-00C04F79EFBC}") = "DotNet.SSO.Dal", "DotNet.SSO.Dal\DotNet.SSO.Dal.csproj", "{74DDD41E-BC53-492C-A74E-912257514050}"
	ProjectSection(ProjectDependencies) = postProject
		{4C626D4F-7CC4-4E93-AC7F-7BA461A47D21} = {4C626D4F-7CC4-4E93-AC7F-7BA461A47D21}
		{96477070-9328-42A6-8157-F9F189AE05A3} = {96477070-9328-42A6-8157-F9F189AE05A3}
		{A6C7FBC5-1A20-444B-AF82-E4B0D9B4EF49} = {A6C7FBC5-1A20-444B-AF82-E4B0D9B4EF49}
	EndProjectSection
EndProject
Project("{FAE04EC0-301F-11D3-BF4B-00C04F79EFBC}") = "DotNet.SSO.IDal", "DotNet.SSO.IDal\DotNet.SSO.IDal.csproj", "{96477070-9328-42A6-8157-F9F189AE05A3}"
	ProjectSection(ProjectDependencies) = postProject
		{4C626D4F-7CC4-4E93-AC7F-7BA461A47D21} = {4C626D4F-7CC4-4E93-AC7F-7BA461A47D21}
		{A6C7FBC5-1A20-444B-AF82-E4B0D9B4EF49} = {A6C7FBC5-1A20-444B-AF82-E4B0D9B4EF49}
	EndProjectSection
EndProject
Project("{FAE04EC0-301F-11D3-BF4B-00C04F79EFBC}") = "DotNet.SSO.Bll", "DotNet.SSO.Bll\DotNet.SSO.Bll.csproj", "{70345DC3-A0E1-47AC-B5BC-EB33432938AE}"
	ProjectSection(ProjectDependencies) = postProject
		{74DDD41E-BC53-492C-A74E-912257514050} = {74DDD41E-BC53-492C-A74E-912257514050}
		{D91B0144-4F3D-479B-811A-50DB473EB7C5} = {D91B0144-4F3D-479B-811A-50DB473EB7C5}
		{4C626D4F-7CC4-4E93-AC7F-7BA461A47D21} = {4C626D4F-7CC4-4E93-AC7F-7BA461A47D21}
		{96477070-9328-42A6-8157-F9F189AE05A3} = {96477070-9328-42A6-8157-F9F189AE05A3}
		{8D30D89E-9E41-4ABE-903C-04FEB07B67B0} = {8D30D89E-9E41-4ABE-903C-04FEB07B67B0}
		{A6C7FBC5-1A20-444B-AF82-E4B0D9B4EF49} = {A6C7FBC5-1A20-444B-AF82-E4B0D9B4EF49}
	EndProjectSection
EndProject
Project("{FAE04EC0-301F-11D3-BF4B-00C04F79EFBC}") = "DotNet.SSO.IBll", "DotNet.SSO.IBll\DotNet.SSO.IBll.csproj", "{8D30D89E-9E41-4ABE-903C-04FEB07B67B0}"
	ProjectSection(ProjectDependencies) = postProject
		{74DDD41E-BC53-492C-A74E-912257514050} = {74DDD41E-BC53-492C-A74E-912257514050}
		{D91B0144-4F3D-479B-811A-50DB473EB7C5} = {D91B0144-4F3D-479B-811A-50DB473EB7C5}
		{4C626D4F-7CC4-4E93-AC7F-7BA461A47D21} = {4C626D4F-7CC4-4E93-AC7F-7BA461A47D21}
		{96477070-9328-42A6-8157-F9F189AE05A3} = {96477070-9328-42A6-8157-F9F189AE05A3}
		{A6C7FBC5-1A20-444B-AF82-E4B0D9B4EF49} = {A6C7FBC5-1A20-444B-AF82-E4B0D9B4EF49}
	EndProjectSection
EndProject
Project("{FAE04EC0-301F-11D3-BF4B-00C04F79EFBC}") = "DotNet.SSO.Portal", "DotNet.SSO.Portal\DotNet.SSO.Portal.csproj", "{CA165613-55EA-4196-8346-46B4B019133B}"
	ProjectSection(ProjectDependencies) = postProject
		{74DDD41E-BC53-492C-A74E-912257514050} = {74DDD41E-BC53-492C-A74E-912257514050}
		{D91B0144-4F3D-479B-811A-50DB473EB7C5} = {D91B0144-4F3D-479B-811A-50DB473EB7C5}
		{4C626D4F-7CC4-4E93-AC7F-7BA461A47D21} = {4C626D4F-7CC4-4E93-AC7F-7BA461A47D21}
		{96477070-9328-42A6-8157-F9F189AE05A3} = {96477070-9328-42A6-8157-F9F189AE05A3}
		{8D30D89E-9E41-4ABE-903C-04FEB07B67B0} = {8D30D89E-9E41-4ABE-903C-04FEB07B67B0}
		{AA0DCFA9-63F9-4BCF-B9F2-9B4FC7A42D61} = {AA0DCFA9-63F9-4BCF-B9F2-9B4FC7A42D61}
		{70345DC3-A0E1-47AC-B5BC-EB33432938AE} = {70345DC3-A0E1-47AC-B5BC-EB33432938AE}
		{A6C7FBC5-1A20-444B-AF82-E4B0D9B4EF49} = {A6C7FBC5-1A20-444B-AF82-E4B0D9B4EF49}
	EndProjectSection
EndProject
Project("{2150E333-8FDC-42A3-9474-1A3956D46DE8}") = "Dal", "Dal", "{59FBC77D-F69C-474D-B211-948458B53044}"
EndProject
Project("{2150E333-8FDC-42A3-9474-1A3956D46DE8}") = "Bll", "Bll", "{2EF0A970-7F2A-4261-A013-F47D806159E8}"
EndProject
Project("{2150E333-8FDC-42A3-9474-1A3956D46DE8}") = "Model", "Model", "{F374E47D-0023-4912-B9F9-F28D87EEA9FC}"
EndProject
Project("{FAE04EC0-301F-11D3-BF4B-00C04F79EFBC}") = "DotNet.SSO.DbUtils", "DotNet.SSO.DbUtils\DotNet.SSO.DbUtils.csproj", "{A6C7FBC5-1A20-444B-AF82-E4B0D9B4EF49}"
	ProjectSection(ProjectDependencies) = postProject
		{4C626D4F-7CC4-4E93-AC7F-7BA461A47D21} = {4C626D4F-7CC4-4E93-AC7F-7BA461A47D21}
	EndProjectSection
EndProject
Project("{FAE04EC0-301F-11D3-BF4B-00C04F79EFBC}") = "DotNet.SSO.BllUtility", "DotNet.SSO.BllUtility\DotNet.SSO.BllUtility.csproj", "{D91B0144-4F3D-479B-811A-50DB473EB7C5}"
	ProjectSection(ProjectDependencies) = postProject
		{74DDD41E-BC53-492C-A74E-912257514050} = {74DDD41E-BC53-492C-A74E-912257514050}
		{4C626D4F-7CC4-4E93-AC7F-7BA461A47D21} = {4C626D4F-7CC4-4E93-AC7F-7BA461A47D21}
		{96477070-9328-42A6-8157-F9F189AE05A3} = {96477070-9328-42A6-8157-F9F189AE05A3}
		{A6C7FBC5-1A20-444B-AF82-E4B0D9B4EF49} = {A6C7FBC5-1A20-444B-AF82-E4B0D9B4EF49}
	EndProjectSection
EndProject
Project("{FAE04EC0-301F-11D3-BF4B-00C04F79EFBC}") = "DotNet.SSO.FilterModule", "DotNet.SSO.FilterModule\DotNet.SSO.FilterModule.csproj", "{AA0DCFA9-63F9-4BCF-B9F2-9B4FC7A42D61}"
	ProjectSection(ProjectDependencies) = postProject
		{74DDD41E-BC53-492C-A74E-912257514050} = {74DDD41E-BC53-492C-A74E-912257514050}
		{D91B0144-4F3D-479B-811A-50DB473EB7C5} = {D91B0144-4F3D-479B-811A-50DB473EB7C5}
		{4C626D4F-7CC4-4E93-AC7F-7BA461A47D21} = {4C626D4F-7CC4-4E93-AC7F-7BA461A47D21}
		{96477070-9328-42A6-8157-F9F189AE05A3} = {96477070-9328-42A6-8157-F9F189AE05A3}
		{8D30D89E-9E41-4ABE-903C-04FEB07B67B0} = {8D30D89E-9E41-4ABE-903C-04FEB07B67B0}
		{70345DC3-A0E1-47AC-B5BC-EB33432938AE} = {70345DC3-A0E1-47AC-B5BC-EB33432938AE}
		{A6C7FBC5-1A20-444B-AF82-E4B0D9B4EF49} = {A6C7FBC5-1A20-444B-AF82-E4B0D9B4EF49}
	EndProjectSection
EndProject
Project("{2150E333-8FDC-42A3-9474-1A3956D46DE8}") = "Filter", "Filter", "{5E2FC34E-984D-4DCC-A324-6666D9509188}"
EndProject
Project("{2150E333-8FDC-42A3-9474-1A3956D46DE8}") = "Utils", "Utils", "{935C055C-C16B-4272-8D71-56795DD8B20F}"
EndProject
Project("{FAE04EC0-301F-11D3-BF4B-00C04F79EFBC}") = "DotNet.SSO.Utilities", "DotNet.SSO.Utilities\DotNet.SSO.Utilities.csproj", "{1C08AD41-EB7C-4A43-A11F-3125D69F0658}"
EndProject
Global
	GlobalSection(SolutionConfigurationPlatforms) = preSolution
		Debug|Any CPU = Debug|Any CPU
		Release|Any CPU = Release|Any CPU
	EndGlobalSection
	GlobalSection(ProjectConfigurationPlatforms) = postSolution
		{4C626D4F-7CC4-4E93-AC7F-7BA461A47D21}.Debug|Any CPU.ActiveCfg = Debug|Any CPU
		{4C626D4F-7CC4-4E93-AC7F-7BA461A47D21}.Debug|Any CPU.Build.0 = Debug|Any CPU
		{4C626D4F-7CC4-4E93-AC7F-7BA461A47D21}.Release|Any CPU.ActiveCfg = Release|Any CPU
		{4C626D4F-7CC4-4E93-AC7F-7BA461A47D21}.Release|Any CPU.Build.0 = Release|Any CPU
		{74DDD41E-BC53-492C-A74E-912257514050}.Debug|Any CPU.ActiveCfg = Debug|Any CPU
		{74DDD41E-BC53-492C-A74E-912257514050}.Debug|Any CPU.Build.0 = Debug|Any CPU
		{74DDD41E-BC53-492C-A74E-912257514050}.Release|Any CPU.ActiveCfg = Release|Any CPU
		{74DDD41E-BC53-492C-A74E-912257514050}.Release|Any CPU.Build.0 = Release|Any CPU
		{96477070-9328-42A6-8157-F9F189AE05A3}.Debug|Any CPU.ActiveCfg = Debug|Any CPU
		{96477070-9328-42A6-8157-F9F189AE05A3}.Debug|Any CPU.Build.0 = Debug|Any CPU
		{96477070-9328-42A6-8157-F9F189AE05A3}.Release|Any CPU.ActiveCfg = Release|Any CPU
		{96477070-9328-42A6-8157-F9F189AE05A3}.Release|Any CPU.Build.0 = Release|Any CPU
		{70345DC3-A0E1-47AC-B5BC-EB33432938AE}.Debug|Any CPU.ActiveCfg = Debug|Any CPU
		{70345DC3-A0E1-47AC-B5BC-EB33432938AE}.Debug|Any CPU.Build.0 = Debug|Any CPU
		{70345DC3-A0E1-47AC-B5BC-EB33432938AE}.Release|Any CPU.ActiveCfg = Release|Any CPU
		{70345DC3-A0E1-47AC-B5BC-EB33432938AE}.Release|Any CPU.Build.0 = Release|Any CPU
		{8D30D89E-9E41-4ABE-903C-04FEB07B67B0}.Debug|Any CPU.ActiveCfg = Debug|Any CPU
		{8D30D89E-9E41-4ABE-903C-04FEB07B67B0}.Debug|Any CPU.Build.0 = Debug|Any CPU
		{8D30D89E-9E41-4ABE-903C-04FEB07B67B0}.Release|Any CPU.ActiveCfg = Release|Any CPU
		{8D30D89E-9E41-4ABE-903C-04FEB07B67B0}.Release|Any CPU.Build.0 = Release|Any CPU
		{CA165613-55EA-4196-8346-46B4B019133B}.Debug|Any CPU.ActiveCfg = Debug|Any CPU
		{CA165613-55EA-4196-8346-46B4B019133B}.Debug|Any CPU.Build.0 = Debug|Any CPU
		{CA165613-55EA-4196-8346-46B4B019133B}.Release|Any CPU.ActiveCfg = Release|Any CPU
		{CA165613-55EA-4196-8346-46B4B019133B}.Release|Any CPU.Build.0 = Release|Any CPU
		{A6C7FBC5-1A20-444B-AF82-E4B0D9B4EF49}.Debug|Any CPU.ActiveCfg = Debug|Any CPU
		{A6C7FBC5-1A20-444B-AF82-E4B0D9B4EF49}.Debug|Any CPU.Build.0 = Debug|Any CPU
		{A6C7FBC5-1A20-444B-AF82-E4B0D9B4EF49}.Release|Any CPU.ActiveCfg = Release|Any CPU
		{A6C7FBC5-1A20-444B-AF82-E4B0D9B4EF49}.Release|Any CPU.Build.0 = Release|Any CPU
		{D91B0144-4F3D-479B-811A-50DB473EB7C5}.Debug|Any CPU.ActiveCfg = Debug|Any CPU
		{D91B0144-4F3D-479B-811A-50DB473EB7C5}.Debug|Any CPU.Build.0 = Debug|Any CPU
		{D91B0144-4F3D-479B-811A-50DB473EB7C5}.Release|Any CPU.ActiveCfg = Release|Any CPU
		{D91B0144-4F3D-479B-811A-50DB473EB7C5}.Release|Any CPU.Build.0 = Release|Any CPU
		{AA0DCFA9-63F9-4BCF-B9F2-9B4FC7A42D61}.Debug|Any CPU.ActiveCfg = Debug|Any CPU
		{AA0DCFA9-63F9-4BCF-B9F2-9B4FC7A42D61}.Debug|Any CPU.Build.0 = Debug|Any CPU
		{AA0DCFA9-63F9-4BCF-B9F2-9B4FC7A42D61}.Release|Any CPU.ActiveCfg = Release|Any CPU
		{AA0DCFA9-63F9-4BCF-B9F2-9B4FC7A42D61}.Release|Any CPU.Build.0 = Release|Any CPU
		{1C08AD41-EB7C-4A43-A11F-3125D69F0658}.Debug|Any CPU.ActiveCfg = Debug|Any CPU
		{1C08AD41-EB7C-4A43-A11F-3125D69F0658}.Debug|Any CPU.Build.0 = Debug|Any CPU
		{1C08AD41-EB7C-4A43-A11F-3125D69F0658}.Release|Any CPU.ActiveCfg = Release|Any CPU
		{1C08AD41-EB7C-4A43-A11F-3125D69F0658}.Release|Any CPU.Build.0 = Release|Any CPU
	EndGlobalSection
	GlobalSection(SolutionProperties) = preSolution
		HideSolutionNode = FALSE
	EndGlobalSection
	GlobalSection(NestedProjects) = preSolution
		{4C626D4F-7CC4-4E93-AC7F-7BA461A47D21} = {F374E47D-0023-4912-B9F9-F28D87EEA9FC}
		{96477070-9328-42A6-8157-F9F189AE05A3} = {59FBC77D-F69C-474D-B211-948458B53044}
		{74DDD41E-BC53-492C-A74E-912257514050} = {59FBC77D-F69C-474D-B211-948458B53044}
		{A6C7FBC5-1A20-444B-AF82-E4B0D9B4EF49} = {59FBC77D-F69C-474D-B211-948458B53044}
		{8D30D89E-9E41-4ABE-903C-04FEB07B67B0} = {2EF0A970-7F2A-4261-A013-F47D806159E8}
		{70345DC3-A0E1-47AC-B5BC-EB33432938AE} = {2EF0A970-7F2A-4261-A013-F47D806159E8}
		{D91B0144-4F3D-479B-811A-50DB473EB7C5} = {2EF0A970-7F2A-4261-A013-F47D806159E8}
		{AA0DCFA9-63F9-4BCF-B9F2-9B4FC7A42D61} = {5E2FC34E-984D-4DCC-A324-6666D9509188}
		{1C08AD41-EB7C-4A43-A11F-3125D69F0658} = {935C055C-C16B-4272-8D71-56795DD8B20F}
	EndGlobalSection
EndGlobal
